
Microsoft Visual Studio Solution File, Format Version 12.00
# Visual Studio Version 17
VisualStudioVersion = 17.1.32210.238
MinimumVisualStudioVersion = 10.0.40219.1
Project("{FAE04EC0-301F-11D3-BF4B-00C04F79EFBC}") = "QuickSort", "QuickSort\QuickSort.csproj", "{94251063-F6A4-41E7-AAE2-F8F3945C982A}"
EndProject
Global
	GlobalSection(SolutionConfigurationPlatforms) = preSolution
		Debug|Any CPU = Debug|Any CPU
		Release|Any CPU = Release|Any CPU
	EndGlobalSection
	GlobalSection(ProjectConfigurationPlatforms) = postSolution
		{94251063-F6A4-41E7-AAE2-F8F3945C982A}.Debug|Any CPU.ActiveCfg = Debug|Any CPU
		{94251063-F6A4-41E7-AAE2-F8F3945C982A}.Debug|Any CPU.Build.0 = Debug|Any CPU
		{94251063-F6A4-41E7-AAE2-F8F3945C982A}.Release|Any CPU.ActiveCfg = Release|Any CPU
		{94251063-F6A4-41E7-AAE2-F8F3945C982A}.Release|Any CPU.Build.0 = Release|Any CPU
	EndGlobalSection
	GlobalSection(SolutionProperties) = preSolution
		HideSolutionNode = FALSE
	EndGlobalSection
	GlobalSection(ExtensibilityGlobals) = postSolution
		SolutionGuid = {684D11F8-0732-4547-8CB9-83BC5CB286EC}
	EndGlobalSection
EndGlobal
